
Microsoft Visual Studio Solution File, Format Version 12.00
# Visual Studio Version 16
VisualStudioVersion = 16.0.30114.105
MinimumVisualStudioVersion = 10.0.40219.1
Project("{9A19103F-16F7-4668-BE54-9A1E7A4F7556}") = "Slp.Evi.Test.System", "Slp.Evi.Test.System\Slp.Evi.Test.System.csproj", "{32D17C53-D762-4F83-B617-CAE13E165495}"
EndProject
Project("{9A19103F-16F7-4668-BE54-9A1E7A4F7556}") = "Slp.Evi.Benchmark", "Slp.Evi.Benchmark\Slp.Evi.Benchmark.csproj", "{4B02D3B8-2A5B-43E7-9076-4EA62A574E75}"
EndProject
Project("{6EC3EE1D-3C4E-46DD-8F32-0CC8E7565705}") = "Slp.Evi.Storage.Core", "Slp.Evi.Storage.Core\Slp.Evi.Storage.Core.fsproj", "{ED460784-7F56-43E1-B411-98B0ABEEA719}"
EndProject
Project("{9A19103F-16F7-4668-BE54-9A1E7A4F7556}") = "Slp.Evi.Storage.MsSql", "Slp.Evi.Storage.MsSql\Slp.Evi.Storage.MsSql.csproj", "{674A72ED-2365-4CD1-A197-87DF73F2CFBC}"
EndProject
Project("{9A19103F-16F7-4668-BE54-9A1E7A4F7556}") = "Slp.Evi.Storage", "Slp.Evi.Storage\Slp.Evi.Storage.csproj", "{7890F1A3-34AF-478E-BF2B-C2C60251E911}"
EndProject
Project("{6EC3EE1D-3C4E-46DD-8F32-0CC8E7565705}") = "Slp.Evi.Storage.Core.Test.Unit", "Slp.Evi.Storage.Core.Test.Unit\Slp.Evi.Storage.Core.Test.Unit.fsproj", "{43E50702-968D-46E8-9D1E-D68B942A1CE4}"
EndProject
Global
	GlobalSection(SolutionConfigurationPlatforms) = preSolution
		Debug|Any CPU = Debug|Any CPU
		Release|Any CPU = Release|Any CPU
	EndGlobalSection
	GlobalSection(ProjectConfigurationPlatforms) = postSolution
		{32D17C53-D762-4F83-B617-CAE13E165495}.Debug|Any CPU.ActiveCfg = Debug|Any CPU
		{32D17C53-D762-4F83-B617-CAE13E165495}.Debug|Any CPU.Build.0 = Debug|Any CPU
		{32D17C53-D762-4F83-B617-CAE13E165495}.Release|Any CPU.ActiveCfg = Release|Any CPU
		{32D17C53-D762-4F83-B617-CAE13E165495}.Release|Any CPU.Build.0 = Release|Any CPU
		{4B02D3B8-2A5B-43E7-9076-4EA62A574E75}.Debug|Any CPU.ActiveCfg = Debug|Any CPU
		{4B02D3B8-2A5B-43E7-9076-4EA62A574E75}.Debug|Any CPU.Build.0 = Debug|Any CPU
		{4B02D3B8-2A5B-43E7-9076-4EA62A574E75}.Release|Any CPU.ActiveCfg = Release|Any CPU
		{4B02D3B8-2A5B-43E7-9076-4EA62A574E75}.Release|Any CPU.Build.0 = Release|Any CPU
		{ED460784-7F56-43E1-B411-98B0ABEEA719}.Debug|Any CPU.ActiveCfg = Debug|Any CPU
		{ED460784-7F56-43E1-B411-98B0ABEEA719}.Debug|Any CPU.Build.0 = Debug|Any CPU
		{ED460784-7F56-43E1-B411-98B0ABEEA719}.Release|Any CPU.ActiveCfg = Release|Any CPU
		{ED460784-7F56-43E1-B411-98B0ABEEA719}.Release|Any CPU.Build.0 = Release|Any CPU
		{674A72ED-2365-4CD1-A197-87DF73F2CFBC}.Debug|Any CPU.ActiveCfg = Debug|Any CPU
		{674A72ED-2365-4CD1-A197-87DF73F2CFBC}.Debug|Any CPU.Build.0 = Debug|Any CPU
		{674A72ED-2365-4CD1-A197-87DF73F2CFBC}.Release|Any CPU.ActiveCfg = Release|Any CPU
		{674A72ED-2365-4CD1-A197-87DF73F2CFBC}.Release|Any CPU.Build.0 = Release|Any CPU
		{7890F1A3-34AF-478E-BF2B-C2C60251E911}.Debug|Any CPU.ActiveCfg = Debug|Any CPU
		{7890F1A3-34AF-478E-BF2B-C2C60251E911}.Debug|Any CPU.Build.0 = Debug|Any CPU
		{7890F1A3-34AF-478E-BF2B-C2C60251E911}.Release|Any CPU.ActiveCfg = Release|Any CPU
		{7890F1A3-34AF-478E-BF2B-C2C60251E911}.Release|Any CPU.Build.0 = Release|Any CPU
		{43E50702-968D-46E8-9D1E-D68B942A1CE4}.Debug|Any CPU.ActiveCfg = Debug|Any CPU
		{43E50702-968D-46E8-9D1E-D68B942A1CE4}.Debug|Any CPU.Build.0 = Debug|Any CPU
		{43E50702-968D-46E8-9D1E-D68B942A1CE4}.Release|Any CPU.ActiveCfg = Release|Any CPU
		{43E50702-968D-46E8-9D1E-D68B942A1CE4}.Release|Any CPU.Build.0 = Release|Any CPU
	EndGlobalSection
	GlobalSection(SolutionProperties) = preSolution
		HideSolutionNode = FALSE
	EndGlobalSection
	GlobalSection(ExtensibilityGlobals) = postSolution
		SolutionGuid = {31362FC3-A12E-487C-B3C1-CAAC0F101A34}
	EndGlobalSection
EndGlobal
